
Microsoft Visual Studio Solution File, Format Version 12.00
# Visual Studio 15
Project("{FAE04EC0-301F-11D3-BF4B-00C04F79EFBC}") = "Assembly-CSharp", "Assembly-CSharp.csproj", "{6762DCFE-0CB1-CD7D-EBE3-C0D137A1B360}"
EndProject
Project("{FAE04EC0-301F-11D3-BF4B-00C04F79EFBC}") = "Assembly-CSharp-Editor", "Assembly-CSharp-Editor.csproj", "{449F495E-57D9-EA05-2DB8-58F04CBFD928}"
EndProject
Global
	GlobalSection(SolutionConfigurationPlatforms) = preSolution
		Debug|Any CPU = Debug|Any CPU
		Release|Any CPU = Release|Any CPU
	EndGlobalSection
	GlobalSection(ProjectConfigurationPlatforms) = postSolution
		{6762DCFE-0CB1-CD7D-EBE3-C0D137A1B360}.Debug|Any CPU.ActiveCfg = Debug|Any CPU
		{6762DCFE-0CB1-CD7D-EBE3-C0D137A1B360}.Debug|Any CPU.Build.0 = Debug|Any CPU
		{6762DCFE-0CB1-CD7D-EBE3-C0D137A1B360}.Release|Any CPU.ActiveCfg = Release|Any CPU
		{6762DCFE-0CB1-CD7D-EBE3-C0D137A1B360}.Release|Any CPU.Build.0 = Release|Any CPU
		{449F495E-57D9-EA05-2DB8-58F04CBFD928}.Debug|Any CPU.ActiveCfg = Debug|Any CPU
		{449F495E-57D9-EA05-2DB8-58F04CBFD928}.Debug|Any CPU.Build.0 = Debug|Any CPU
		{449F495E-57D9-EA05-2DB8-58F04CBFD928}.Release|Any CPU.ActiveCfg = Release|Any CPU
		{449F495E-57D9-EA05-2DB8-58F04CBFD928}.Release|Any CPU.Build.0 = Release|Any CPU
	EndGlobalSection
	GlobalSection(SolutionProperties) = preSolution
		HideSolutionNode = FALSE
	EndGlobalSection
EndGlobal
